<?xml version="1.0" encoding="utf-8"?>
<Project ToolsVersion="4.0" xmlns="http://schemas.microsoft.com/developer/msbuild/2003">
  <ItemGroup>
    <ClCompile Include="FileStream.cpp" />
    <ClCompile Include="FileTraverse.cpp" />
    <ClCompile Include="GetDrives.cpp" />
    <ClCompile Include="MicroProgram.cpp" />
    <ClCompile Include="NtCreateThreadEx.cpp" />
    <ClCompile Include="Process.cpp" />
    <ClCompile Include="Resource.cpp" />
    <ClCompile Include="Thread.cpp" />
    <ClCompile Include="UAC.cpp" />
  </ItemGroup>
  <ItemGroup>
    <Filter Include="Resource Files">
      <UniqueIdentifier>{ef973922-1fb3-470b-aaa9-625e2f105100}</UniqueIdentifier>
    </Filter>
    <Filter Include="Header Files">
      <UniqueIdentifier>{2477a2ce-8e12-43f7-adec-664e8e4dd0c9}</UniqueIdentifier>
    </Filter>
  </ItemGroup>
  <ItemGroup>
    <ClInclude Include="resource.h">
      <Filter>Header Files</Filter>
    </ClInclude>
  </ItemGroup>
  <ItemGroup>
    <None Include="..\Debug\Inject.dll">
      <Filter>Resource Files</Filter>
    </None>
  </ItemGroup>
  <ItemGroup>
    <ResourceCompile Include="MicroProgram.rc">
      <Filter>Resource Files</Filter>
    </ResourceCompile>
  </ItemGroup>
  <ItemGroup>
    <Image Include="#5325.ico" />
  </ItemGroup>
</Project>